
Microsoft Visual Studio Solution File, Format Version 12.00
# Visual Studio Version 17
VisualStudioVersion = 17.9.34622.214
MinimumVisualStudioVersion = 10.0.40219.1
Project("{FAE04EC0-301F-11D3-BF4B-00C04F79EFBC}") = "Product_OOP", "Product_OOP\Product_OOP.csproj", "{E9E4117D-0847-4558-8381-E1CA8A329FEE}"
EndProject
Global
	GlobalSection(SolutionConfigurationPlatforms) = preSolution
		Debug|Any CPU = Debug|Any CPU
		Release|Any CPU = Release|Any CPU
	EndGlobalSection
	GlobalSection(ProjectConfigurationPlatforms) = postSolution
		{E9E4117D-0847-4558-8381-E1CA8A329FEE}.Debug|Any CPU.ActiveCfg = Debug|Any CPU
		{E9E4117D-0847-4558-8381-E1CA8A329FEE}.Debug|Any CPU.Build.0 = Debug|Any CPU
		{E9E4117D-0847-4558-8381-E1CA8A329FEE}.Release|Any CPU.ActiveCfg = Release|Any CPU
		{E9E4117D-0847-4558-8381-E1CA8A329FEE}.Release|Any CPU.Build.0 = Release|Any CPU
	EndGlobalSection
	GlobalSection(SolutionProperties) = preSolution
		HideSolutionNode = FALSE
	EndGlobalSection
	GlobalSection(ExtensibilityGlobals) = postSolution
		SolutionGuid = {D4639E4F-36A3-4312-83B5-8D5DB279587D}
	EndGlobalSection
EndGlobal
